
Microsoft Visual Studio Solution File, Format Version 12.00
# Visual Studio 15
VisualStudioVersion = 15.0.28307.1525
MinimumVisualStudioVersion = 10.0.40219.1
Project("{FAE04EC0-301F-11D3-BF4B-00C04F79EFBC}") = "NHAHANGBUFFET", "NHAHANGBUFFET\NHAHANGBUFFET.csproj", "{BA8E8849-65FD-4354-845E-E680AFE4F1E2}"
EndProject
Global
	GlobalSection(SolutionConfigurationPlatforms) = preSolution
		Debug|Any CPU = Debug|Any CPU
		Release|Any CPU = Release|Any CPU
	EndGlobalSection
	GlobalSection(ProjectConfigurationPlatforms) = postSolution
		{BA8E8849-65FD-4354-845E-E680AFE4F1E2}.Debug|Any CPU.ActiveCfg = Debug|Any CPU
		{BA8E8849-65FD-4354-845E-E680AFE4F1E2}.Debug|Any CPU.Build.0 = Debug|Any CPU
		{BA8E8849-65FD-4354-845E-E680AFE4F1E2}.Release|Any CPU.ActiveCfg = Release|Any CPU
		{BA8E8849-65FD-4354-845E-E680AFE4F1E2}.Release|Any CPU.Build.0 = Release|Any CPU
	EndGlobalSection
	GlobalSection(SolutionProperties) = preSolution
		HideSolutionNode = FALSE
	EndGlobalSection
	GlobalSection(ExtensibilityGlobals) = postSolution
		SolutionGuid = {164AE217-900D-433E-B640-A4E6EB375A59}
	EndGlobalSection
EndGlobal
